// !$*UTF8*$!
{
	archiveVersion = 1;
	classes = {
	};
	objectVersion = 54;
	objects = {

/* Begin PBXBuildFile section */
		0144D78447208A4C3DED14A9 /* AppIcon.icns in Resources */ = {isa = PBXBuildFile; fileRef = DDDC9E8836B1AD09CE15A7BB /* AppIcon.icns */; };
		1175491A9678EDD562DA7214 /* MACCursor.m in Sources */ = {isa = PBXBuildFile; fileRef = 7C27736576C36C2373197271 /* MACCursor.m */; };
		120B8369D2508391432FA975 /* ApplicationServices.framework in Frameworks */ = {isa = PBXBuildFile; fileRef = C4D60249E6F374B02871AB67 /* ApplicationServices.framework */; };
		13D664923ACB96A3584B1C2B /* ServiceManagement.framework in Frameworks */ = {isa = PBXBuildFile; fileRef = FF9A6FADCC03B87EB3BB62BF /* ServiceManagement.framework */; };
		13F49A9D1D1791DB056D89DA /* MACFocusFollowsMouse.m in Sources */ = {isa = PBXBuildFile; fileRef = 16094CAE65F36EE1B239B5C2 /* MACFocusFollowsMouse.m */; };
		15A8A723F2B68E2468C8F514 /* Slots.swift in Sources */ = {isa = PBXBuildFile; fileRef = A4C4170DFB08565B4F4C9D13 /* Slots.swift */; };
		1679C299F4819C0679762450 /* CursorEditorView.swift in Sources */ = {isa = PBXBuildFile; fileRef = ECCD8C78EE55CB7E5513A31B /* CursorEditorView.swift */; };
		23EDBD1BA5C2E2C697C49929 /* Security.framework in Frameworks */ = {isa = PBXBuildFile; fileRef = D20E996ED042D7B7C3E0BBC3 /* Security.framework */; };
		29E30F4A1784FADEFAC986F6 /* ThemeImporter.swift in Sources */ = {isa = PBXBuildFile; fileRef = 40CF68B1C08B9446E1DF697B /* ThemeImporter.swift */; };
		2AAC23FCF4BE5C6918C44D64 /* AppDelegate.swift in Sources */ = {isa = PBXBuildFile; fileRef = 822AA46EAA8E188937F8C791 /* AppDelegate.swift */; };
		2B1B1C5484CCA6B9DF7219AD /* MACPreferences.swift in Sources */ = {isa = PBXBuildFile; fileRef = 0C80E913C3F3C419701EF5E8 /* MACPreferences.swift */; };
		2DDE4FA56DC45B934F5C56B1 /* EditThemeSidebar.swift in Sources */ = {isa = PBXBuildFile; fileRef = F0D49742409994E5C09D2DAC /* EditThemeSidebar.swift */; };
		2E1702D586C5DBAB452EFD4C /* ThemeConversionReviewView.swift in Sources */ = {isa = PBXBuildFile; fileRef = B21C6CCC11C45C8C4992D080 /* ThemeConversionReviewView.swift */; };
		2F6964BFCA8BA5118217ECDC /* Sparkle in Frameworks */ = {isa = PBXBuildFile; productRef = 0C4AD5A867375C3B578C81DC /* Sparkle */; };
		31EEF90C933696E589A080DD /* MACCursorShadow.m in Sources */ = {isa = PBXBuildFile; fileRef = 2DCFD4FD52B04FE57659C59D /* MACCursorShadow.m */; };
		35425217FC2549313F4E8F31 /* MenuBarPanelHost.swift in Sources */ = {isa = PBXBuildFile; fileRef = 222AF4A1BC72C248FC4845F1 /* MenuBarPanelHost.swift */; };
		3804B72F80269FD7DC394C1F /* CursorIdentifier.swift in Sources */ = {isa = PBXBuildFile; fileRef = 789F1C67CA1B3541A668CE97 /* CursorIdentifier.swift */; };
		3D925D9ED4B83520AD7AD9BF /* Images.xcassets in Resources */ = {isa = PBXBuildFile; fileRef = DEFD0E7970BDD1AA8D73DFB7 /* Images.xcassets */; };
		40E0269BF8E422F62B2B3E53 /* SlotImageImporter.swift in Sources */ = {isa = PBXBuildFile; fileRef = 504BFF22761DC61FCD6C0448 /* SlotImageImporter.swift */; };
		460796E3699CE945E4C59059 /* INFParser.swift in Sources */ = {isa = PBXBuildFile; fileRef = F3A4722D0B1F38D0AE79C045 /* INFParser.swift */; };
		4863FC43749EB5290692E89F /* MaCursorApp.swift in Sources */ = {isa = PBXBuildFile; fileRef = 2C5596005C577340FA0593E1 /* MaCursorApp.swift */; };
		4D5C301425E3BB35A2027BAF /* MenuBarPanelModel.swift in Sources */ = {isa = PBXBuildFile; fileRef = 521C91D148CC82EBBA90B935 /* MenuBarPanelModel.swift */; };
		54D31AF5BC39ECAC7B6BE564 /* MACMenuBarState.m in Sources */ = {isa = PBXBuildFile; fileRef = D3B33EAD0AA61852402AE305 /* MACMenuBarState.m */; };
		59582E5DEBCC07D766AEDFB7 /* RoleMapper.swift in Sources */ = {isa = PBXBuildFile; fileRef = D70BB2ABDF9BC5E047402C07 /* RoleMapper.swift */; };
		5C19920675DB8C2C9574E3F9 /* ThemeConversion.swift in Sources */ = {isa = PBXBuildFile; fileRef = 230AEDCB1251CC7363EF6815 /* ThemeConversion.swift */; };
		6410AC3D3849C4E072757B9C /* CursorThemeWriter.swift in Sources */ = {isa = PBXBuildFile; fileRef = 73EE331EFE387FA98D6998FA /* CursorThemeWriter.swift */; };
		680ED71450987BAA95DCFA4E /* Availability.swift in Sources */ = {isa = PBXBuildFile; fileRef = 73125D06DF136AFB56115DDB /* Availability.swift */; };
		6C32AF56032DB36F77F113C4 /* MACMenuBarState.m in Sources */ = {isa = PBXBuildFile; fileRef = D3B33EAD0AA61852402AE305 /* MACMenuBarState.m */; };
		6C6E160DC4605C8616A49F0D /* CursorFormatReaders.swift in Sources */ = {isa = PBXBuildFile; fileRef = FBF4A84746CBBF771D24272E /* CursorFormatReaders.swift */; };
		714A8A422166D41979210DAD /* CursorModel.swift in Sources */ = {isa = PBXBuildFile; fileRef = 897480CACDA0C15040C7EE47 /* CursorModel.swift */; };
		76516E5A0CCD97C82094B784 /* MACMenuBar.m in Sources */ = {isa = PBXBuildFile; fileRef = 2AA3A8B95388D1F471EBAEFF /* MACMenuBar.m */; };
		806720F335249EDCD5A5CC81 /* MACCursorShadow.m in Sources */ = {isa = PBXBuildFile; fileRef = 2DCFD4FD52B04FE57659C59D /* MACCursorShadow.m */; };
		8704707093E063FC4D016093 /* AppExtensions.swift in Sources */ = {isa = PBXBuildFile; fileRef = 006B454DC8542472D6F23062 /* AppExtensions.swift */; };
		88F66F5C0E48CE0DB4D7445B /* MACConstants.swift in Sources */ = {isa = PBXBuildFile; fileRef = C456CE28DACB8867A7DDBA89 /* MACConstants.swift */; };
		895B5136D150C1B9465AEA4F /* CursorThemeModel.swift in Sources */ = {isa = PBXBuildFile; fileRef = 578387732EEC904403B4CCA9 /* CursorThemeModel.swift */; };
		95162B85DA31CD92A2229088 /* CursorService.swift in Sources */ = {isa = PBXBuildFile; fileRef = E4020F786A4F370638B4A68F /* CursorService.swift */; };
		97C36AEF1F7E28243AD36525 /* AppManagers.swift in Sources */ = {isa = PBXBuildFile; fileRef = 63C7FA07B1D33BB6C21FD739 /* AppManagers.swift */; };
		98E02FBE909CDE7A3B1EF8C5 /* LibraryViews.swift in Sources */ = {isa = PBXBuildFile; fileRef = C4DD9415A6628B44339E5711 /* LibraryViews.swift */; };
		99B7A8789A1EB7A9A418CCBC /* MACAutoSwitch.m in Sources */ = {isa = PBXBuildFile; fileRef = BBE157F2EE479227A36F2C60 /* MACAutoSwitch.m */; };
		9B14F74D538D67E0A24164E2 /* UniformTypeIdentifiers.framework in Frameworks */ = {isa = PBXBuildFile; fileRef = A53325E3A2A500BC05E5FDE8 /* UniformTypeIdentifiers.framework */; };
		9E80F15ED68F2DC67BA2281E /* AboutViews.swift in Sources */ = {isa = PBXBuildFile; fileRef = 9711A9CFEAD605223DF8E7B0 /* AboutViews.swift */; };
		A04556B70615A052BAEF57C6 /* QuartzCore.framework in Frameworks */ = {isa = PBXBuildFile; fileRef = 8574FFD83EC52D4A26BA70DB /* QuartzCore.framework */; };
		A18EB2759EDCD5CFD28ACBF6 /* MACCursorSwift.swift in Sources */ = {isa = PBXBuildFile; fileRef = 72606524D0D8D0C086C00580 /* MACCursorSwift.swift */; };
		A22DC4B5A19B682577DCA91F /* CursorPreviewView.swift in Sources */ = {isa = PBXBuildFile; fileRef = 8632FC338D84FE2E2A5BE854 /* CursorPreviewView.swift */; };
		A34D7E0847E76C3CD195A1D4 /* CursorThemeEditorViewModel.swift in Sources */ = {isa = PBXBuildFile; fileRef = FCAEE24CC0A9B423A545248B /* CursorThemeEditorViewModel.swift */; };
		A5805255E5DFB2ED3E139B21 /* FocusFollowsMouseConfig.swift in Sources */ = {isa = PBXBuildFile; fileRef = B9B4C07C7C001F1CFA26DFF5 /* FocusFollowsMouseConfig.swift */; };
		A7F39D00ABD62A9D5605CCD9 /* WindowRoleAccessor.swift in Sources */ = {isa = PBXBuildFile; fileRef = FC9411927C8EAC453E8D91F3 /* WindowRoleAccessor.swift */; };
		A8311961A87C4433E15A3FBF /* SettingsViews.swift in Sources */ = {isa = PBXBuildFile; fileRef = DA31B7A258EBBADE32F0F7AF /* SettingsViews.swift */; };
		A99A5D94EB4DC3DEDB4F3076 /* CursorLibrary.swift in Sources */ = {isa = PBXBuildFile; fileRef = DD3F9AF6BB008150E7278111 /* CursorLibrary.swift */; };
		AA88001100110022 /* Carbon.framework in Frameworks */ = {isa = PBXBuildFile; fileRef = AA88001100110011 /* Carbon.framework */; };
		AA88003300330022 /* Carbon.framework in Frameworks */ = {isa = PBXBuildFile; fileRef = AA88001100110011 /* Carbon.framework */; };
		AABB002200220022 /* ShortcutSettingsView.swift in Sources */ = {isa = PBXBuildFile; fileRef = AABB002200220011 /* ShortcutSettingsView.swift */; };
		AABB006600660022 /* ModalWindowCoordinator.swift in Sources */ = {isa = PBXBuildFile; fileRef = AABB006600660011 /* ModalWindowCoordinator.swift */; };
		AE38744ECCC1CCC49CA866BB /* CursorThemeEditorView.swift in Sources */ = {isa = PBXBuildFile; fileRef = CAD767DFBA548141D844E0FC /* CursorThemeEditorView.swift */; };
		B305920040B3BDA0F71DD593 /* MACAutoSwitch.m in Sources */ = {isa = PBXBuildFile; fileRef = BBE157F2EE479227A36F2C60 /* MACAutoSwitch.m */; };
		B32EB581CEB55EA339C3A722 /* CursorSettingsView.swift in Sources */ = {isa = PBXBuildFile; fileRef = 4CE928E43730D5BEECFA6DEF /* CursorSettingsView.swift */; };
		BEE9E4E5E9580163B10D6AAE /* HotspotEditorView.swift in Sources */ = {isa = PBXBuildFile; fileRef = 57C7AC8F1D706B5AEC650A79 /* HotspotEditorView.swift */; };
		BF23AAFBF178876FCA646CD1 /* ValidatedTextFields.swift in Sources */ = {isa = PBXBuildFile; fileRef = F5466634D03C89F32474E964 /* ValidatedTextFields.swift */; };
		C11F9AF8600979EC9727613C /* MaCursorHelper.app in Copy Helper */ = {isa = PBXBuildFile; fileRef = B11C4EE7A55FDC4E3A771DC1 /* MaCursorHelper.app */; };
		C5475B4F2BA5AC865C4D8531 /* SystemConfiguration.framework in Frameworks */ = {isa = PBXBuildFile; fileRef = 2F0C3B03DB82A9E62EA9E5D5 /* SystemConfiguration.framework */; };
		C5744C629E2498405A5CD7C9 /* SharedExtensions.swift in Sources */ = {isa = PBXBuildFile; fileRef = A2113D6137D086F1485EC2FB /* SharedExtensions.swift */; };
		C7D34A3585984CE3D3BEF4EE /* LibraryViewModel.swift in Sources */ = {isa = PBXBuildFile; fileRef = 3ECD64CEAC408967BEF748EE /* LibraryViewModel.swift */; };
		CAB5B3CA3AB8BCCE0FD42EBA /* Cocoa.framework in Frameworks */ = {isa = PBXBuildFile; fileRef = 44B36FDC21A51D11AA8B8598 /* Cocoa.framework */; };
		CC11001100110022 /* WindowsCursorParser.swift in Sources */ = {isa = PBXBuildFile; fileRef = CC11001100110011 /* WindowsCursorParser.swift */; };
		CC22002200220022 /* WindowsCursorImporter.swift in Sources */ = {isa = PBXBuildFile; fileRef = CC22002200220011 /* WindowsCursorImporter.swift */; };
		CE10000100000001 /* MACCursorDefs.m in Sources */ = {isa = PBXBuildFile; fileRef = CE00000100000002 /* MACCursorDefs.m */; };
		CE10000200000001 /* MACCursorActions.m in Sources */ = {isa = PBXBuildFile; fileRef = CE00000200000002 /* MACCursorActions.m */; };
		CE20000100000001 /* MACCursorDefs.m in Sources */ = {isa = PBXBuildFile; fileRef = CE00000100000002 /* MACCursorDefs.m */; };
		CE20000200000001 /* MACCursorActions.m in Sources */ = {isa = PBXBuildFile; fileRef = CE00000200000002 /* MACCursorActions.m */; };
		CE20000300000001 /* MACCursorDaemon.m in Sources */ = {isa = PBXBuildFile; fileRef = CE00000300000002 /* MACCursorDaemon.m */; };
		CE30000100000001 /* main.m in Sources */ = {isa = PBXBuildFile; fileRef = CE00000500000001 /* main.m */; };
		CEB8C86557DE6AF735A1A7DE /* CursorGeometry.swift in Sources */ = {isa = PBXBuildFile; fileRef = 95C58E3ED8C43E3788815E42 /* CursorGeometry.swift */; };
		D3BF75CF1CA27559EDBAAC4D /* CursorModels.swift in Sources */ = {isa = PBXBuildFile; fileRef = DEF9028122AAB91843F3DD3E /* CursorModels.swift */; };
		D51177E3C48810FF822EE174 /* AutoSwitchRules.swift in Sources */ = {isa = PBXBuildFile; fileRef = DB81795AA1B42ED1782ABBE4 /* AutoSwitchRules.swift */; };
		DC56C8C3B1A165F69982121D /* MenuBarPanelView.swift in Sources */ = {isa = PBXBuildFile; fileRef = E13E6B0E715A6EC90E2A41D1 /* MenuBarPanelView.swift */; };
		DD73E85D1AD38A065FC7BAD0 /* MACFocusFollowsMouse.m in Sources */ = {isa = PBXBuildFile; fileRef = 16094CAE65F36EE1B239B5C2 /* MACFocusFollowsMouse.m */; };
		E1F47FE568F219EC557961D9 /* ConversionErrors.swift in Sources */ = {isa = PBXBuildFile; fileRef = B088EBE4AE3E41A939B90B0C /* ConversionErrors.swift */; };
		E577F3EF2B16EC461B07391F /* HelperToolManager.swift in Sources */ = {isa = PBXBuildFile; fileRef = BB43430C8E46157D3E2AB0EB /* HelperToolManager.swift */; };
		EA3F0C1A503E5B25F6331647 /* CursorTryAreaView.swift in Sources */ = {isa = PBXBuildFile; fileRef = 2E3F40ADC1D804070A82D1A2 /* CursorTryAreaView.swift */; };
		EE11001100110022 /* Localizable.strings in Resources */ = {isa = PBXBuildFile; fileRef = EE11001100110011 /* Localizable.strings */; };
		F2AF4A4FAD5E676EB79E5C98 /* LibraryController.swift in Sources */ = {isa = PBXBuildFile; fileRef = 2FD8C57FC7AAC15C0A4FFF14 /* LibraryController.swift */; };
/* End PBXBuildFile section */

/* Begin PBXCopyFilesBuildPhase section */
		FE60BD3E8C11BFCFFB6A3097 /* Copy Helper */ = {
			isa = PBXCopyFilesBuildPhase;
			buildActionMask = 2147483647;
			dstPath = Contents/Library/LoginItems;
			dstSubfolderSpec = 1;
			files = (
				C11F9AF8600979EC9727613C /* MaCursorHelper.app in Copy Helper */,
			);
			name = "Copy Helper";
			runOnlyForDeploymentPostprocessing = 0;
		};
/* End PBXCopyFilesBuildPhase section */

/* Begin PBXFileReference section */
		006B454DC8542472D6F23062 /* AppExtensions.swift */ = {isa = PBXFileReference; includeInIndex = 1; lastKnownFileType = sourcecode.swift; name = AppExtensions.swift; path = SwiftUI/Utils/AppExtensions.swift; sourceTree = "<group>"; };
		0C80E913C3F3C419701EF5E8 /* MACPreferences.swift */ = {isa = PBXFileReference; includeInIndex = 1; lastKnownFileType = sourcecode.swift; name = MACPreferences.swift; path = SwiftUI/Models/MACPreferences.swift; sourceTree = "<group>"; };
		116730E301B9105721ABB546 /* MACMenuBarState.h */ = {isa = PBXFileReference; includeInIndex = 1; lastKnownFileType = sourcecode.c.h; path = MACMenuBarState.h; sourceTree = "<group>"; };
		16094CAE65F36EE1B239B5C2 /* MACFocusFollowsMouse.m */ = {isa = PBXFileReference; includeInIndex = 1; lastKnownFileType = sourcecode.c.objc; path = MACFocusFollowsMouse.m; sourceTree = "<group>"; };
		222AF4A1BC72C248FC4845F1 /* MenuBarPanelHost.swift */ = {isa = PBXFileReference; includeInIndex = 1; lastKnownFileType = sourcecode.swift; path = MenuBarPanelHost.swift; sourceTree = "<group>"; };
		230AEDCB1251CC7363EF6815 /* ThemeConversion.swift */ = {isa = PBXFileReference; includeInIndex = 1; lastKnownFileType = sourcecode.swift; name = ThemeConversion.swift; path = SwiftUI/Services/ThemeConversion.swift; sourceTree = "<group>"; };
		2AA3A8B95388D1F471EBAEFF /* MACMenuBar.m */ = {isa = PBXFileReference; includeInIndex = 1; lastKnownFileType = sourcecode.c.objc; path = MACMenuBar.m; sourceTree = "<group>"; };
		2C5596005C577340FA0593E1 /* MaCursorApp.swift */ = {isa = PBXFileReference; lastKnownFileType = sourcecode.swift; path = SwiftUI/MaCursorApp.swift; sourceTree = "<group>"; };
		2DCFD4FD52B04FE57659C59D /* MACCursorShadow.m */ = {isa = PBXFileReference; includeInIndex = 1; lastKnownFileType = sourcecode.c.objc; path = MACCursorShadow.m; sourceTree = "<group>"; };
		2E3F40ADC1D804070A82D1A2 /* CursorTryAreaView.swift */ = {isa = PBXFileReference; includeInIndex = 1; lastKnownFileType = sourcecode.swift; name = CursorTryAreaView.swift; path = SwiftUI/Views/CursorTryAreaView.swift; sourceTree = "<group>"; };
		2F0C3B03DB82A9E62EA9E5D5 /* SystemConfiguration.framework */ = {isa = PBXFileReference; lastKnownFileType = wrapper.framework; name = SystemConfiguration.framework; path = System/Library/Frameworks/SystemConfiguration.framework; sourceTree = SDKROOT; };
		2FD8C57FC7AAC15C0A4FFF14 /* LibraryController.swift */ = {isa = PBXFileReference; includeInIndex = 1; lastKnownFileType = sourcecode.swift; name = LibraryController.swift; path = SwiftUI/Services/LibraryController.swift; sourceTree = "<group>"; };
		30E81350274037A365DAB7BD /* MACCursor.h */ = {isa = PBXFileReference; fileEncoding = 4; lastKnownFileType = sourcecode.c.h; path = MACCursor.h; sourceTree = "<group>"; };
		3A7436D659CFF03CBD8CF59A /* MaCursorHelper-Bridging-Header.h */ = {isa = PBXFileReference; includeInIndex = 1; lastKnownFileType = sourcecode.c.h; path = "MaCursorHelper-Bridging-Header.h"; sourceTree = "<group>"; };
		3ECD64CEAC408967BEF748EE /* LibraryViewModel.swift */ = {isa = PBXFileReference; lastKnownFileType = sourcecode.swift; path = SwiftUI/ViewModels/LibraryViewModel.swift; sourceTree = "<group>"; };
		40A8234CE8A4D5AF9EB96BAA /* MACAutoSwitch.h */ = {isa = PBXFileReference; includeInIndex = 1; lastKnownFileType = sourcecode.c.h; path = MACAutoSwitch.h; sourceTree = "<group>"; };
		40CF68B1C08B9446E1DF697B /* ThemeImporter.swift */ = {isa = PBXFileReference; includeInIndex = 1; lastKnownFileType = sourcecode.swift; name = ThemeImporter.swift; path = SwiftUI/Services/ThemeImporter.swift; sourceTree = "<group>"; };
		41A4C26D18636B4380C8058A /* MaCursor-Info.plist */ = {isa = PBXFileReference; lastKnownFileType = text.plist.xml; path = "MaCursor-Info.plist"; sourceTree = "<group>"; };
		44B36FDC21A51D11AA8B8598 /* Cocoa.framework */ = {isa = PBXFileReference; lastKnownFileType = wrapper.framework; name = Cocoa.framework; path = System/Library/Frameworks/Cocoa.framework; sourceTree = SDKROOT; };
		4B35E1828BA082BA61A49C5B /* MaCursor-Prefix.pch */ = {isa = PBXFileReference; lastKnownFileType = sourcecode.c.h; path = "MaCursor-Prefix.pch"; sourceTree = "<group>"; };
		4CE928E43730D5BEECFA6DEF /* CursorSettingsView.swift */ = {isa = PBXFileReference; includeInIndex = 1; lastKnownFileType = sourcecode.swift; name = CursorSettingsView.swift; path = SwiftUI/Views/CursorSettingsView.swift; sourceTree = "<group>"; };
		504BFF22761DC61FCD6C0448 /* SlotImageImporter.swift */ = {isa = PBXFileReference; includeInIndex = 1; lastKnownFileType = sourcecode.swift; name = SlotImageImporter.swift; path = SwiftUI/Services/SlotImageImporter.swift; sourceTree = "<group>"; };
		521C91D148CC82EBBA90B935 /* MenuBarPanelModel.swift */ = {isa = PBXFileReference; includeInIndex = 1; lastKnownFileType = sourcecode.swift; path = MenuBarPanelModel.swift; sourceTree = "<group>"; };
		578387732EEC904403B4CCA9 /* CursorThemeModel.swift */ = {isa = PBXFileReference; lastKnownFileType = sourcecode.swift; path = SwiftUI/Models/CursorThemeModel.swift; sourceTree = "<group>"; };
		57C7AC8F1D706B5AEC650A79 /* HotspotEditorView.swift */ = {isa = PBXFileReference; includeInIndex = 1; lastKnownFileType = sourcecode.swift; name = HotspotEditorView.swift; path = SwiftUI/Views/HotspotEditorView.swift; sourceTree = "<group>"; };
		63C7FA07B1D33BB6C21FD739 /* AppManagers.swift */ = {isa = PBXFileReference; includeInIndex = 1; lastKnownFileType = sourcecode.swift; name = AppManagers.swift; path = SwiftUI/Models/AppManagers.swift; sourceTree = "<group>"; };
		67F8949786F8641412502354 /* MACFocusFollowsMouse.h */ = {isa = PBXFileReference; includeInIndex = 1; lastKnownFileType = sourcecode.c.h; path = MACFocusFollowsMouse.h; sourceTree = "<group>"; };
		68A4018E5EF8099A327B6CCF /* CGSPrivateConnection.h */ = {isa = PBXFileReference; fileEncoding = 4; lastKnownFileType = sourcecode.c.h; path = CGSPrivateConnection.h; sourceTree = "<group>"; };
		72606524D0D8D0C086C00580 /* MACCursorSwift.swift */ = {isa = PBXFileReference; includeInIndex = 1; lastKnownFileType = sourcecode.swift; name = MACCursorSwift.swift; path = SwiftUI/Models/MACCursorSwift.swift; sourceTree = "<group>"; };
		73125D06DF136AFB56115DDB /* Availability.swift */ = {isa = PBXFileReference; includeInIndex = 1; lastKnownFileType = sourcecode.swift; name = Availability.swift; path = SwiftUI/Views/Availability.swift; sourceTree = "<group>"; };
		737F4FBA16098E416EFC7004 /* CGSPrivateCursor.h */ = {isa = PBXFileReference; fileEncoding = 4; lastKnownFileType = sourcecode.c.h; path = CGSPrivateCursor.h; sourceTree = "<group>"; };
		73EE331EFE387FA98D6998FA /* CursorThemeWriter.swift */ = {isa = PBXFileReference; includeInIndex = 1; lastKnownFileType = sourcecode.swift; name = CursorThemeWriter.swift; path = SwiftUI/Services/CursorThemeWriter.swift; sourceTree = "<group>"; };
		789F1C67CA1B3541A668CE97 /* CursorIdentifier.swift */ = {isa = PBXFileReference; lastKnownFileType = sourcecode.swift; path = SwiftUI/Models/CursorIdentifier.swift; sourceTree = "<group>"; };
		7C27736576C36C2373197271 /* MACCursor.m */ = {isa = PBXFileReference; fileEncoding = 4; lastKnownFileType = sourcecode.c.objc; path = MACCursor.m; sourceTree = "<group>"; };
		7F778D392ABC460D8A6CBF35 /* MaCursor-Bridging-Header.h */ = {isa = PBXFileReference; lastKnownFileType = sourcecode.c.h; path = "MaCursor-Bridging-Header.h"; sourceTree = "<group>"; };
		822AA46EAA8E188937F8C791 /* AppDelegate.swift */ = {isa = PBXFileReference; lastKnownFileType = sourcecode.swift; path = SwiftUI/AppDelegate.swift; sourceTree = "<group>"; };
		831B510FB228DE9195D6BE9A /* MaCursor-Prefix.pch */ = {isa = PBXFileReference; lastKnownFileType = sourcecode.c.h; path = "MaCursor-Prefix.pch"; sourceTree = "<group>"; };
		8574FFD83EC52D4A26BA70DB /* QuartzCore.framework */ = {isa = PBXFileReference; lastKnownFileType = wrapper.framework; name = QuartzCore.framework; path = System/Library/Frameworks/QuartzCore.framework; sourceTree = SDKROOT; };
		8632FC338D84FE2E2A5BE854 /* CursorPreviewView.swift */ = {isa = PBXFileReference; lastKnownFileType = sourcecode.swift; path = SwiftUI/Views/CursorPreviewView.swift; sourceTree = "<group>"; };
		897480CACDA0C15040C7EE47 /* CursorModel.swift */ = {isa = PBXFileReference; lastKnownFileType = sourcecode.swift; path = SwiftUI/Models/CursorModel.swift; sourceTree = "<group>"; };
		949BBEC71127967367FD74F9 /* MaCursor.entitlements */ = {isa = PBXFileReference; lastKnownFileType = text.plist.entitlements; path = MaCursor.entitlements; sourceTree = "<group>"; };
		95C58E3ED8C43E3788815E42 /* CursorGeometry.swift */ = {isa = PBXFileReference; includeInIndex = 1; lastKnownFileType = sourcecode.swift; name = CursorGeometry.swift; path = SwiftUI/Models/CursorGeometry.swift; sourceTree = "<group>"; };
		9711A9CFEAD605223DF8E7B0 /* AboutViews.swift */ = {isa = PBXFileReference; includeInIndex = 1; lastKnownFileType = sourcecode.swift; name = AboutViews.swift; path = SwiftUI/Views/AboutViews.swift; sourceTree = "<group>"; };
		996F4FA31E239F790EB495A2 /* MACCursorShadow.h */ = {isa = PBXFileReference; includeInIndex = 1; lastKnownFileType = sourcecode.c.h; path = MACCursorShadow.h; sourceTree = "<group>"; };
		A0E3B59D32EB23F89E63F71B /* MACMenuBar.h */ = {isa = PBXFileReference; includeInIndex = 1; lastKnownFileType = sourcecode.c.h; path = MACMenuBar.h; sourceTree = "<group>"; };
		A2113D6137D086F1485EC2FB /* SharedExtensions.swift */ = {isa = PBXFileReference; includeInIndex = 1; lastKnownFileType = sourcecode.swift; name = SharedExtensions.swift; path = SwiftUI/Utils/SharedExtensions.swift; sourceTree = "<group>"; };
		A4C4170DFB08565B4F4C9D13 /* Slots.swift */ = {isa = PBXFileReference; includeInIndex = 1; lastKnownFileType = sourcecode.swift; name = Slots.swift; path = SwiftUI/Models/Slots.swift; sourceTree = "<group>"; };
		A53325E3A2A500BC05E5FDE8 /* UniformTypeIdentifiers.framework */ = {isa = PBXFileReference; lastKnownFileType = wrapper.framework; name = UniformTypeIdentifiers.framework; path = System/Library/Frameworks/UniformTypeIdentifiers.framework; sourceTree = SDKROOT; };
		AA88001100110011 /* Carbon.framework */ = {isa = PBXFileReference; lastKnownFileType = wrapper.framework; name = Carbon.framework; path = System/Library/Frameworks/Carbon.framework; sourceTree = SDKROOT; };
		AABB002200220011 /* ShortcutSettingsView.swift */ = {isa = PBXFileReference; lastKnownFileType = sourcecode.swift; path = SwiftUI/Views/ShortcutSettingsView.swift; sourceTree = "<group>"; };
		AABB006600660011 /* ModalWindowCoordinator.swift */ = {isa = PBXFileReference; lastKnownFileType = sourcecode.swift; path = SwiftUI/Services/ModalWindowCoordinator.swift; sourceTree = "<group>"; };
		B088EBE4AE3E41A939B90B0C /* ConversionErrors.swift */ = {isa = PBXFileReference; includeInIndex = 1; lastKnownFileType = sourcecode.swift; name = ConversionErrors.swift; path = SwiftUI/Services/ConversionErrors.swift; sourceTree = "<group>"; };
		B11C4EE7A55FDC4E3A771DC1 /* MaCursorHelper.app */ = {isa = PBXFileReference; explicitFileType = wrapper.application; includeInIndex = 0; path = MaCursorHelper.app; sourceTree = BUILT_PRODUCTS_DIR; };
		B1BDFEED205B0D8A7B5E5EE6 /* MaCursor.app */ = {isa = PBXFileReference; explicitFileType = wrapper.application; includeInIndex = 0; path = MaCursor.app; sourceTree = BUILT_PRODUCTS_DIR; };
		B21C6CCC11C45C8C4992D080 /* ThemeConversionReviewView.swift */ = {isa = PBXFileReference; includeInIndex = 1; lastKnownFileType = sourcecode.swift; name = ThemeConversionReviewView.swift; path = SwiftUI/Views/ThemeConversionReviewView.swift; sourceTree = "<group>"; };
		B9B4C07C7C001F1CFA26DFF5 /* FocusFollowsMouseConfig.swift */ = {isa = PBXFileReference; includeInIndex = 1; lastKnownFileType = sourcecode.swift; name = FocusFollowsMouseConfig.swift; path = SwiftUI/Models/FocusFollowsMouseConfig.swift; sourceTree = "<group>"; };
		BB43430C8E46157D3E2AB0EB /* HelperToolManager.swift */ = {isa = PBXFileReference; lastKnownFileType = sourcecode.swift; path = SwiftUI/Services/HelperToolManager.swift; sourceTree = "<group>"; };
		BBE157F2EE479227A36F2C60 /* MACAutoSwitch.m */ = {isa = PBXFileReference; includeInIndex = 1; lastKnownFileType = sourcecode.c.objc; path = MACAutoSwitch.m; sourceTree = "<group>"; };
		BEE90051E8E0556B6119A86A /* CGSPrivateAccessibility.h */ = {isa = PBXFileReference; fileEncoding = 4; lastKnownFileType = sourcecode.c.h; path = CGSPrivateAccessibility.h; sourceTree = "<group>"; };
		C456CE28DACB8867A7DDBA89 /* MACConstants.swift */ = {isa = PBXFileReference; includeInIndex = 1; lastKnownFileType = sourcecode.swift; name = MACConstants.swift; path = SwiftUI/Models/MACConstants.swift; sourceTree = "<group>"; };
		C4D60249E6F374B02871AB67 /* ApplicationServices.framework */ = {isa = PBXFileReference; lastKnownFileType = wrapper.framework; name = ApplicationServices.framework; path = System/Library/Frameworks/ApplicationServices.framework; sourceTree = SDKROOT; };
		C4DD9415A6628B44339E5711 /* LibraryViews.swift */ = {isa = PBXFileReference; includeInIndex = 1; lastKnownFileType = sourcecode.swift; name = LibraryViews.swift; path = SwiftUI/Views/LibraryViews.swift; sourceTree = "<group>"; };
		CAD767DFBA548141D844E0FC /* CursorThemeEditorView.swift */ = {isa = PBXFileReference; lastKnownFileType = sourcecode.swift; path = SwiftUI/Views/CursorThemeEditorView.swift; sourceTree = "<group>"; };
		CC11001100110011 /* WindowsCursorParser.swift */ = {isa = PBXFileReference; lastKnownFileType = sourcecode.swift; path = SwiftUI/Services/WindowsCursorParser.swift; sourceTree = "<group>"; };
		CC22002200220011 /* WindowsCursorImporter.swift */ = {isa = PBXFileReference; lastKnownFileType = sourcecode.swift; path = SwiftUI/Services/WindowsCursorImporter.swift; sourceTree = "<group>"; };
		CE00000100000001 /* MACCursorDefs.h */ = {isa = PBXFileReference; lastKnownFileType = sourcecode.c.h; path = MACCursorDefs.h; sourceTree = "<group>"; };
		CE00000100000002 /* MACCursorDefs.m */ = {isa = PBXFileReference; fileEncoding = 4; lastKnownFileType = sourcecode.c.objc; path = MACCursorDefs.m; sourceTree = "<group>"; };
		CE00000200000001 /* MACCursorActions.h */ = {isa = PBXFileReference; lastKnownFileType = sourcecode.c.h; path = MACCursorActions.h; sourceTree = "<group>"; };
		CE00000200000002 /* MACCursorActions.m */ = {isa = PBXFileReference; fileEncoding = 4; lastKnownFileType = sourcecode.c.objc; path = MACCursorActions.m; sourceTree = "<group>"; };
		CE00000300000001 /* MACCursorDaemon.h */ = {isa = PBXFileReference; lastKnownFileType = sourcecode.c.h; path = MACCursorDaemon.h; sourceTree = "<group>"; };
		CE00000300000002 /* MACCursorDaemon.m */ = {isa = PBXFileReference; fileEncoding = 4; lastKnownFileType = sourcecode.c.objc; path = MACCursorDaemon.m; sourceTree = "<group>"; };
		CE00000400000001 /* CursorEngineHelper.entitlements */ = {isa = PBXFileReference; lastKnownFileType = text.plist.entitlements; path = CursorEngineHelper.entitlements; sourceTree = "<group>"; };
		CE00000500000001 /* main.m */ = {isa = PBXFileReference; fileEncoding = 4; lastKnownFileType = sourcecode.c.objc; path = main.m; sourceTree = "<group>"; };
		CE00000600000001 /* Info.plist */ = {isa = PBXFileReference; lastKnownFileType = text.plist.xml; path = Info.plist; sourceTree = "<group>"; };
		D20E996ED042D7B7C3E0BBC3 /* Security.framework */ = {isa = PBXFileReference; lastKnownFileType = wrapper.framework; name = Security.framework; path = System/Library/Frameworks/Security.framework; sourceTree = SDKROOT; };
		D3B33EAD0AA61852402AE305 /* MACMenuBarState.m */ = {isa = PBXFileReference; includeInIndex = 1; lastKnownFileType = sourcecode.c.objc; path = MACMenuBarState.m; sourceTree = "<group>"; };
		D70BB2ABDF9BC5E047402C07 /* RoleMapper.swift */ = {isa = PBXFileReference; includeInIndex = 1; lastKnownFileType = sourcecode.swift; name = RoleMapper.swift; path = SwiftUI/Services/RoleMapper.swift; sourceTree = "<group>"; };
		DA31B7A258EBBADE32F0F7AF /* SettingsViews.swift */ = {isa = PBXFileReference; includeInIndex = 1; lastKnownFileType = sourcecode.swift; name = SettingsViews.swift; path = SwiftUI/Views/SettingsViews.swift; sourceTree = "<group>"; };
		DB81795AA1B42ED1782ABBE4 /* AutoSwitchRules.swift */ = {isa = PBXFileReference; includeInIndex = 1; lastKnownFileType = sourcecode.swift; name = AutoSwitchRules.swift; path = SwiftUI/Models/AutoSwitchRules.swift; sourceTree = "<group>"; };
		DD3F9AF6BB008150E7278111 /* CursorLibrary.swift */ = {isa = PBXFileReference; includeInIndex = 1; lastKnownFileType = sourcecode.swift; name = CursorLibrary.swift; path = SwiftUI/Models/CursorLibrary.swift; sourceTree = "<group>"; };
		DDDC9E8836B1AD09CE15A7BB /* AppIcon.icns */ = {isa = PBXFileReference; includeInIndex = 1; path = AppIcon.icns; sourceTree = "<group>"; };
		DEF9028122AAB91843F3DD3E /* CursorModels.swift */ = {isa = PBXFileReference; includeInIndex = 1; lastKnownFileType = sourcecode.swift; name = CursorModels.swift; path = SwiftUI/Models/CursorModels.swift; sourceTree = "<group>"; };
		DEFD0E7970BDD1AA8D73DFB7 /* Images.xcassets */ = {isa = PBXFileReference; lastKnownFileType = folder.assetcatalog; path = Images.xcassets; sourceTree = "<group>"; };
		E13E6B0E715A6EC90E2A41D1 /* MenuBarPanelView.swift */ = {isa = PBXFileReference; includeInIndex = 1; lastKnownFileType = sourcecode.swift; path = MenuBarPanelView.swift; sourceTree = "<group>"; };
		E4020F786A4F370638B4A68F /* CursorService.swift */ = {isa = PBXFileReference; lastKnownFileType = sourcecode.swift; path = SwiftUI/Services/CursorService.swift; sourceTree = "<group>"; };
		ECCD8C78EE55CB7E5513A31B /* CursorEditorView.swift */ = {isa = PBXFileReference; lastKnownFileType = sourcecode.swift; path = SwiftUI/Views/CursorEditorView.swift; sourceTree = "<group>"; };
		EE11002200110011 /* en */ = {isa = PBXFileReference; lastKnownFileType = text.plist.strings; name = en; path = Resources/l10n/en.lproj/Localizable.strings; sourceTree = "<group>"; };
		EE11003300110011 /* nl */ = {isa = PBXFileReference; lastKnownFileType = text.plist.strings; name = nl; path = Resources/l10n/nl.lproj/Localizable.strings; sourceTree = "<group>"; };
		EE11004400110011 /* zh-Hans */ = {isa = PBXFileReference; lastKnownFileType = text.plist.strings; name = "zh-Hans"; path = "Resources/l10n/zh-Hans.lproj/Localizable.strings"; sourceTree = "<group>"; };
		EE11005500110011 /* fr */ = {isa = PBXFileReference; lastKnownFileType = text.plist.strings; name = fr; path = Resources/l10n/fr.lproj/Localizable.strings; sourceTree = "<group>"; };
		EE11006600110011 /* de */ = {isa = PBXFileReference; lastKnownFileType = text.plist.strings; name = de; path = Resources/l10n/de.lproj/Localizable.strings; sourceTree = "<group>"; };
		EE11007700110011 /* ru */ = {isa = PBXFileReference; lastKnownFileType = text.plist.strings; name = ru; path = Resources/l10n/ru.lproj/Localizable.strings; sourceTree = "<group>"; };
		EE11008800110011 /* es */ = {isa = PBXFileReference; lastKnownFileType = text.plist.strings; name = es; path = Resources/l10n/es.lproj/Localizable.strings; sourceTree = "<group>"; };
		EE11009900110011 /* tr */ = {isa = PBXFileReference; lastKnownFileType = text.plist.strings; name = tr; path = Resources/l10n/tr.lproj/Localizable.strings; sourceTree = "<group>"; };
		EE1100AA00110011 /* ja */ = {isa = PBXFileReference; lastKnownFileType = text.plist.strings; name = ja; path = Resources/l10n/ja.lproj/Localizable.strings; sourceTree = "<group>"; };
		EE1100BB00110011 /* ar */ = {isa = PBXFileReference; lastKnownFileType = text.plist.strings; name = ar; path = Resources/l10n/ar.lproj/Localizable.strings; sourceTree = "<group>"; };
		EE1100CC00110011 /* pl */ = {isa = PBXFileReference; lastKnownFileType = text.plist.strings; name = pl; path = Resources/l10n/pl.lproj/Localizable.strings; sourceTree = "<group>"; };
		F0D49742409994E5C09D2DAC /* EditThemeSidebar.swift */ = {isa = PBXFileReference; includeInIndex = 1; lastKnownFileType = sourcecode.swift; name = EditThemeSidebar.swift; path = SwiftUI/Views/EditThemeSidebar.swift; sourceTree = "<group>"; };
		F3A4722D0B1F38D0AE79C045 /* INFParser.swift */ = {isa = PBXFileReference; includeInIndex = 1; lastKnownFileType = sourcecode.swift; name = INFParser.swift; path = SwiftUI/Services/INFParser.swift; sourceTree = "<group>"; };
		F5466634D03C89F32474E964 /* ValidatedTextFields.swift */ = {isa = PBXFileReference; includeInIndex = 1; lastKnownFileType = sourcecode.swift; name = ValidatedTextFields.swift; path = SwiftUI/Views/ValidatedTextFields.swift; sourceTree = "<group>"; };
		FBF4A84746CBBF771D24272E /* CursorFormatReaders.swift */ = {isa = PBXFileReference; includeInIndex = 1; lastKnownFileType = sourcecode.swift; name = CursorFormatReaders.swift; path = SwiftUI/Services/CursorFormatReaders.swift; sourceTree = "<group>"; };
		FC9411927C8EAC453E8D91F3 /* WindowRoleAccessor.swift */ = {isa = PBXFileReference; includeInIndex = 1; lastKnownFileType = sourcecode.swift; path = SwiftUI/Views/WindowRoleAccessor.swift; sourceTree = "<group>"; };
		FCAEE24CC0A9B423A545248B /* CursorThemeEditorViewModel.swift */ = {isa = PBXFileReference; lastKnownFileType = sourcecode.swift; path = SwiftUI/ViewModels/CursorThemeEditorViewModel.swift; sourceTree = "<group>"; };
		FF9A6FADCC03B87EB3BB62BF /* ServiceManagement.framework */ = {isa = PBXFileReference; lastKnownFileType = wrapper.framework; name = ServiceManagement.framework; path = System/Library/Frameworks/ServiceManagement.framework; sourceTree = SDKROOT; };
/* End PBXFileReference section */

/* Begin PBXFrameworksBuildPhase section */
		086D7FA9D63F99220E13BB7F /* Frameworks */ = {
			isa = PBXFrameworksBuildPhase;
			buildActionMask = 2147483647;
			files = (
				2F6964BFCA8BA5118217ECDC /* Sparkle in Frameworks */,
				A04556B70615A052BAEF57C6 /* QuartzCore.framework in Frameworks */,
				9B14F74D538D67E0A24164E2 /* UniformTypeIdentifiers.framework in Frameworks */,
				13D664923ACB96A3584B1C2B /* ServiceManagement.framework in Frameworks */,
				23EDBD1BA5C2E2C697C49929 /* Security.framework in Frameworks */,
				CAB5B3CA3AB8BCCE0FD42EBA /* Cocoa.framework in Frameworks */,
				AA88003300330022 /* Carbon.framework in Frameworks */,
			);
			runOnlyForDeploymentPostprocessing = 0;
		};
		DDE0FF0CB9E36BB3025EFD37 /* Frameworks */ = {
			isa = PBXFrameworksBuildPhase;
			buildActionMask = 2147483647;
			files = (
				120B8369D2508391432FA975 /* ApplicationServices.framework in Frameworks */,
				C5475B4F2BA5AC865C4D8531 /* SystemConfiguration.framework in Frameworks */,
				AA88001100110022 /* Carbon.framework in Frameworks */,
			);
			runOnlyForDeploymentPostprocessing = 0;
		};
/* End PBXFrameworksBuildPhase section */

/* Begin PBXGroup section */
		11D7BFA65826C4CF1928187B /* CursorEngineHelper */ = {
			isa = PBXGroup;
			children = (
				CE00000400000001 /* CursorEngineHelper.entitlements */,
				CE00000600000001 /* Info.plist */,
				CE00000500000001 /* main.m */,
				A0E3B59D32EB23F89E63F71B /* MACMenuBar.h */,
				2AA3A8B95388D1F471EBAEFF /* MACMenuBar.m */,
				3A7436D659CFF03CBD8CF59A /* MaCursorHelper-Bridging-Header.h */,
				521C91D148CC82EBBA90B935 /* MenuBarPanelModel.swift */,
				E13E6B0E715A6EC90E2A41D1 /* MenuBarPanelView.swift */,
				222AF4A1BC72C248FC4845F1 /* MenuBarPanelHost.swift */,
				DDDC9E8836B1AD09CE15A7BB /* AppIcon.icns */,
			);
			path = CursorEngineHelper;
			sourceTree = "<group>";
		};
		1212E12479199A20CEF0D892 = {
			isa = PBXGroup;
			children = (
				9A92BFF79FC93FD7F3646E06 /* MaCursor */,
				51A877596DB22EDF207098EF /* CursorEngine */,
				11D7BFA65826C4CF1928187B /* CursorEngineHelper */,
				22F9E82E530772BC541F91B5 /* Frameworks */,
				B6E939283071E97E80D0F6E6 /* Products */,
			);
			sourceTree = "<group>";
		};
		22F9E82E530772BC541F91B5 /* Frameworks */ = {
			isa = PBXGroup;
			children = (
				AA88001100110011 /* Carbon.framework */,
				8574FFD83EC52D4A26BA70DB /* QuartzCore.framework */,
				A53325E3A2A500BC05E5FDE8 /* UniformTypeIdentifiers.framework */,
				FF9A6FADCC03B87EB3BB62BF /* ServiceManagement.framework */,
				D20E996ED042D7B7C3E0BBC3 /* Security.framework */,
				2F0C3B03DB82A9E62EA9E5D5 /* SystemConfiguration.framework */,
				C4D60249E6F374B02871AB67 /* ApplicationServices.framework */,
				44B36FDC21A51D11AA8B8598 /* Cocoa.framework */,
			);
			name = Frameworks;
			sourceTree = "<group>";
		};
		51A877596DB22EDF207098EF /* CursorEngine */ = {
			isa = PBXGroup;
			children = (
				64CC80CBD5FF1CF8AB407507 /* CGSPrivateAPI */,
				CE00000100000001 /* MACCursorDefs.h */,
				CE00000100000002 /* MACCursorDefs.m */,
				CE00000200000001 /* MACCursorActions.h */,
				CE00000200000002 /* MACCursorActions.m */,
				CE00000300000001 /* MACCursorDaemon.h */,
				CE00000300000002 /* MACCursorDaemon.m */,
				996F4FA31E239F790EB495A2 /* MACCursorShadow.h */,
				2DCFD4FD52B04FE57659C59D /* MACCursorShadow.m */,
				40A8234CE8A4D5AF9EB96BAA /* MACAutoSwitch.h */,
				BBE157F2EE479227A36F2C60 /* MACAutoSwitch.m */,
				67F8949786F8641412502354 /* MACFocusFollowsMouse.h */,
				16094CAE65F36EE1B239B5C2 /* MACFocusFollowsMouse.m */,
				116730E301B9105721ABB546 /* MACMenuBarState.h */,
				D3B33EAD0AA61852402AE305 /* MACMenuBarState.m */,
			);
			path = CursorEngine;
			sourceTree = "<group>";
		};
		644D7B5EC8829BB984ED40A6 /* Supporting Files */ = {
			isa = PBXGroup;
			children = (
				41A4C26D18636B4380C8058A /* MaCursor-Info.plist */,
				4B35E1828BA082BA61A49C5B /* MaCursor-Prefix.pch */,
			);
			name = "Supporting Files";
			sourceTree = "<group>";
		};
		64CC80CBD5FF1CF8AB407507 /* CGSPrivateAPI */ = {
			isa = PBXGroup;
			children = (
				BEE90051E8E0556B6119A86A /* CGSPrivateAccessibility.h */,
				68A4018E5EF8099A327B6CCF /* CGSPrivateConnection.h */,
				737F4FBA16098E416EFC7004 /* CGSPrivateCursor.h */,
			);
			path = CGSPrivateAPI;
			sourceTree = "<group>";
		};
		9086BCA288FF1B25DAA8D19C /* SwiftUI */ = {
			isa = PBXGroup;
			children = (
				FF7BB69F8A9833C31C841FED /* Models */,
				AFC03575B345BA6A83B153EE /* Views */,
			);
			name = SwiftUI;
			sourceTree = "<group>";
		};
		9A92BFF79FC93FD7F3646E06 /* MaCursor */ = {
			isa = PBXGroup;
			children = (
				949BBEC71127967367FD74F9 /* MaCursor.entitlements */,
				7F778D392ABC460D8A6CBF35 /* MaCursor-Bridging-Header.h */,
				2C5596005C577340FA0593E1 /* MaCursorApp.swift */,
				822AA46EAA8E188937F8C791 /* AppDelegate.swift */,
				578387732EEC904403B4CCA9 /* CursorThemeModel.swift */,
				897480CACDA0C15040C7EE47 /* CursorModel.swift */,
				789F1C67CA1B3541A668CE97 /* CursorIdentifier.swift */,
				3ECD64CEAC408967BEF748EE /* LibraryViewModel.swift */,
				FCAEE24CC0A9B423A545248B /* CursorThemeEditorViewModel.swift */,
				CAD767DFBA548141D844E0FC /* CursorThemeEditorView.swift */,
				ECCD8C78EE55CB7E5513A31B /* CursorEditorView.swift */,
				8632FC338D84FE2E2A5BE854 /* CursorPreviewView.swift */,
				AABB002200220011 /* ShortcutSettingsView.swift */,
				E4020F786A4F370638B4A68F /* CursorService.swift */,
				BB43430C8E46157D3E2AB0EB /* HelperToolManager.swift */,
				AABB006600660011 /* ModalWindowCoordinator.swift */,
				B7403A8F616E4ED6B405D6F0 /* models */,
				831B510FB228DE9195D6BE9A /* MaCursor-Prefix.pch */,
				DEFD0E7970BDD1AA8D73DFB7 /* Images.xcassets */,
				644D7B5EC8829BB984ED40A6 /* Supporting Files */,
				0C80E913C3F3C419701EF5E8 /* MACPreferences.swift */,
				C456CE28DACB8867A7DDBA89 /* MACConstants.swift */,
				72606524D0D8D0C086C00580 /* MACCursorSwift.swift */,
				DD3F9AF6BB008150E7278111 /* CursorLibrary.swift */,
				2FD8C57FC7AAC15C0A4FFF14 /* LibraryController.swift */,
				CC11001100110011 /* WindowsCursorParser.swift */,
				CC22002200220011 /* WindowsCursorImporter.swift */,
				EE11001100110011 /* Localizable.strings */,
				A4C4170DFB08565B4F4C9D13 /* Slots.swift */,
				B088EBE4AE3E41A939B90B0C /* ConversionErrors.swift */,
				D70BB2ABDF9BC5E047402C07 /* RoleMapper.swift */,
				F3A4722D0B1F38D0AE79C045 /* INFParser.swift */,
				40CF68B1C08B9446E1DF697B /* ThemeImporter.swift */,
				73EE331EFE387FA98D6998FA /* CursorThemeWriter.swift */,
				B21C6CCC11C45C8C4992D080 /* ThemeConversionReviewView.swift */,
				57C7AC8F1D706B5AEC650A79 /* HotspotEditorView.swift */,
				2E3F40ADC1D804070A82D1A2 /* CursorTryAreaView.swift */,
				504BFF22761DC61FCD6C0448 /* SlotImageImporter.swift */,
				FC9411927C8EAC453E8D91F3 /* WindowRoleAccessor.swift */,
				DEF9028122AAB91843F3DD3E /* CursorModels.swift */,
				FBF4A84746CBBF771D24272E /* CursorFormatReaders.swift */,
				95C58E3ED8C43E3788815E42 /* CursorGeometry.swift */,
				230AEDCB1251CC7363EF6815 /* ThemeConversion.swift */,
				F0D49742409994E5C09D2DAC /* EditThemeSidebar.swift */,
				A2113D6137D086F1485EC2FB /* SharedExtensions.swift */,
				DA31B7A258EBBADE32F0F7AF /* SettingsViews.swift */,
				C4DD9415A6628B44339E5711 /* LibraryViews.swift */,
				9711A9CFEAD605223DF8E7B0 /* AboutViews.swift */,
				63C7FA07B1D33BB6C21FD739 /* AppManagers.swift */,
				006B454DC8542472D6F23062 /* AppExtensions.swift */,
				F5466634D03C89F32474E964 /* ValidatedTextFields.swift */,
				9086BCA288FF1B25DAA8D19C /* SwiftUI */,
				73125D06DF136AFB56115DDB /* Availability.swift */,
			);
			path = MaCursor;
			sourceTree = "<group>";
		};
		AFC03575B345BA6A83B153EE /* Views */ = {
			isa = PBXGroup;
			children = (
				4CE928E43730D5BEECFA6DEF /* CursorSettingsView.swift */,
			);
			name = Views;
			sourceTree = "<group>";
		};
		B6E939283071E97E80D0F6E6 /* Products */ = {
			isa = PBXGroup;
			children = (
				B1BDFEED205B0D8A7B5E5EE6 /* MaCursor.app */,
				B11C4EE7A55FDC4E3A771DC1 /* MaCursorHelper.app */,
			);
			name = Products;
			sourceTree = "<group>";
		};
		B7403A8F616E4ED6B405D6F0 /* models */ = {
			isa = PBXGroup;
			children = (
				30E81350274037A365DAB7BD /* MACCursor.h */,
				7C27736576C36C2373197271 /* MACCursor.m */,
			);
			name = models;
			path = LegacyEngine/models;
			sourceTree = "<group>";
		};
		FF7BB69F8A9833C31C841FED /* Models */ = {
			isa = PBXGroup;
			children = (
				DB81795AA1B42ED1782ABBE4 /* AutoSwitchRules.swift */,
				B9B4C07C7C001F1CFA26DFF5 /* FocusFollowsMouseConfig.swift */,
			);
			name = Models;
			sourceTree = "<group>";
		};
/* End PBXGroup section */

/* Begin PBXNativeTarget section */
		B88593A5B831E8E3E210077D /* MaCursor */ = {
			isa = PBXNativeTarget;
			buildConfigurationList = DCEC884F5D51E2FD0494B7B0 /* Build configuration list for PBXNativeTarget "MaCursor" */;
			buildPhases = (
				991547DA531E3639CC409EC1 /* Sources */,
				9B6CCD6347D04B1070331F83 /* Resources */,
				086D7FA9D63F99220E13BB7F /* Frameworks */,
				FE60BD3E8C11BFCFFB6A3097 /* Copy Helper */,
			);
			buildRules = (
			);
			dependencies = (
			);
			name = MaCursor;
			packageProductDependencies = (
				0C4AD5A867375C3B578C81DC /* Sparkle */,
			);
			productName = MaCursor;
			productReference = B1BDFEED205B0D8A7B5E5EE6 /* MaCursor.app */;
			productType = "com.apple.product-type.application";
		};
		F6D73D54A20D1D399F4B59DA /* com.writronic.macursorhelper */ = {
			isa = PBXNativeTarget;
			buildConfigurationList = 7F34E0EA57659AF9F83EC6AB /* Build configuration list for PBXNativeTarget "com.writronic.macursorhelper" */;
			buildPhases = (
				75AD4E82995E6758C2F86B9E /* Sources */,
				DDE0FF0CB9E36BB3025EFD37 /* Frameworks */,
				CDD2876659C16C266518E6B1 /* Resources */,
			);
			buildRules = (
			);
			dependencies = (
			);
			name = com.writronic.macursorhelper;
			productName = com.writronic.macursorhelper;
			productReference = B11C4EE7A55FDC4E3A771DC1 /* MaCursorHelper.app */;
			productType = "com.apple.product-type.application";
		};
/* End PBXNativeTarget section */

/* Begin PBXProject section */
		904BBD1AD4BFB4742F0527EE /* Project object */ = {
			isa = PBXProject;
			attributes = {
				BuildIndependentTargetsInParallel = YES;
				CLASSPREFIX = MAC;
				LastUpgradeCheck = 1500;
				ORGANIZATIONNAME = Writronic;
				TargetAttributes = {
					B88593A5B831E8E3E210077D = {
						DevelopmentTeam = SP495GG2KZ;
						ProvisioningStyle = Automatic;
					};
					F6D73D54A20D1D399F4B59DA = {
						CreatedOnToolsVersion = 6.0;
						DevelopmentTeam = SP495GG2KZ;
						ProvisioningStyle = Automatic;
					};
				};
			};
			buildConfigurationList = 76B1F4BE951909A219D886C9 /* Build configuration list for PBXProject "MaCursor" */;
			compatibilityVersion = "Xcode 3.2";
			developmentRegion = en;
			hasScannedForEncodings = 0;
			knownRegions = (
				en,
				Base,
				nl,
				"zh-Hans",
				fr,
				de,
				ru,
				es,
				tr,
				ja,
				ar,
				pl,
			);
			mainGroup = 1212E12479199A20CEF0D892;
			packageReferences = (
				26D8BD7F8A3A4CCEB28AC77D /* XCRemoteSwiftPackageReference "Sparkle" */,
			);
			productRefGroup = B6E939283071E97E80D0F6E6 /* Products */;
			projectDirPath = "";
			projectRoot = "";
			targets = (
				B88593A5B831E8E3E210077D /* MaCursor */,
				F6D73D54A20D1D399F4B59DA /* com.writronic.macursorhelper */,
			);
		};
/* End PBXProject section */

/* Begin PBXResourcesBuildPhase section */
		9B6CCD6347D04B1070331F83 /* Resources */ = {
			isa = PBXResourcesBuildPhase;
			buildActionMask = 2147483647;
			files = (
				3D925D9ED4B83520AD7AD9BF /* Images.xcassets in Resources */,
				EE11001100110022 /* Localizable.strings in Resources */,
			);
			runOnlyForDeploymentPostprocessing = 0;
		};
		CDD2876659C16C266518E6B1 /* Resources */ = {
			isa = PBXResourcesBuildPhase;
			buildActionMask = 2147483647;
			files = (
				0144D78447208A4C3DED14A9 /* AppIcon.icns in Resources */,
			);
			runOnlyForDeploymentPostprocessing = 0;
		};
/* End PBXResourcesBuildPhase section */

/* Begin PBXSourcesBuildPhase section */
		75AD4E82995E6758C2F86B9E /* Sources */ = {
			isa = PBXSourcesBuildPhase;
			buildActionMask = 2147483647;
			files = (
				CE20000100000001 /* MACCursorDefs.m in Sources */,
				CE20000200000001 /* MACCursorActions.m in Sources */,
				CE20000300000001 /* MACCursorDaemon.m in Sources */,
				CE30000100000001 /* main.m in Sources */,
				806720F335249EDCD5A5CC81 /* MACCursorShadow.m in Sources */,
				B305920040B3BDA0F71DD593 /* MACAutoSwitch.m in Sources */,
				DD73E85D1AD38A065FC7BAD0 /* MACFocusFollowsMouse.m in Sources */,
				54D31AF5BC39ECAC7B6BE564 /* MACMenuBarState.m in Sources */,
				76516E5A0CCD97C82094B784 /* MACMenuBar.m in Sources */,
				4D5C301425E3BB35A2027BAF /* MenuBarPanelModel.swift in Sources */,
				DC56C8C3B1A165F69982121D /* MenuBarPanelView.swift in Sources */,
				35425217FC2549313F4E8F31 /* MenuBarPanelHost.swift in Sources */,
			);
			runOnlyForDeploymentPostprocessing = 0;
		};
		991547DA531E3639CC409EC1 /* Sources */ = {
			isa = PBXSourcesBuildPhase;
			buildActionMask = 2147483647;
			files = (
				4863FC43749EB5290692E89F /* MaCursorApp.swift in Sources */,
				2AAC23FCF4BE5C6918C44D64 /* AppDelegate.swift in Sources */,
				895B5136D150C1B9465AEA4F /* CursorThemeModel.swift in Sources */,
				714A8A422166D41979210DAD /* CursorModel.swift in Sources */,
				3804B72F80269FD7DC394C1F /* CursorIdentifier.swift in Sources */,
				C7D34A3585984CE3D3BEF4EE /* LibraryViewModel.swift in Sources */,
				A34D7E0847E76C3CD195A1D4 /* CursorThemeEditorViewModel.swift in Sources */,
				AE38744ECCC1CCC49CA866BB /* CursorThemeEditorView.swift in Sources */,
				1679C299F4819C0679762450 /* CursorEditorView.swift in Sources */,
				A22DC4B5A19B682577DCA91F /* CursorPreviewView.swift in Sources */,
				AABB002200220022 /* ShortcutSettingsView.swift in Sources */,
				95162B85DA31CD92A2229088 /* CursorService.swift in Sources */,
				E577F3EF2B16EC461B07391F /* HelperToolManager.swift in Sources */,
				AABB006600660022 /* ModalWindowCoordinator.swift in Sources */,
				2B1B1C5484CCA6B9DF7219AD /* MACPreferences.swift in Sources */,
				88F66F5C0E48CE0DB4D7445B /* MACConstants.swift in Sources */,
				A18EB2759EDCD5CFD28ACBF6 /* MACCursorSwift.swift in Sources */,
				A99A5D94EB4DC3DEDB4F3076 /* CursorLibrary.swift in Sources */,
				F2AF4A4FAD5E676EB79E5C98 /* LibraryController.swift in Sources */,
				1175491A9678EDD562DA7214 /* MACCursor.m in Sources */,
				CC11001100110022 /* WindowsCursorParser.swift in Sources */,
				CC22002200220022 /* WindowsCursorImporter.swift in Sources */,
				CE10000100000001 /* MACCursorDefs.m in Sources */,
				CE10000200000001 /* MACCursorActions.m in Sources */,
				15A8A723F2B68E2468C8F514 /* Slots.swift in Sources */,
				E1F47FE568F219EC557961D9 /* ConversionErrors.swift in Sources */,
				59582E5DEBCC07D766AEDFB7 /* RoleMapper.swift in Sources */,
				460796E3699CE945E4C59059 /* INFParser.swift in Sources */,
				29E30F4A1784FADEFAC986F6 /* ThemeImporter.swift in Sources */,
				6410AC3D3849C4E072757B9C /* CursorThemeWriter.swift in Sources */,
				2E1702D586C5DBAB452EFD4C /* ThemeConversionReviewView.swift in Sources */,
				BEE9E4E5E9580163B10D6AAE /* HotspotEditorView.swift in Sources */,
				EA3F0C1A503E5B25F6331647 /* CursorTryAreaView.swift in Sources */,
				40E0269BF8E422F62B2B3E53 /* SlotImageImporter.swift in Sources */,
				A7F39D00ABD62A9D5605CCD9 /* WindowRoleAccessor.swift in Sources */,
				D3BF75CF1CA27559EDBAAC4D /* CursorModels.swift in Sources */,
				6C6E160DC4605C8616A49F0D /* CursorFormatReaders.swift in Sources */,
				CEB8C86557DE6AF735A1A7DE /* CursorGeometry.swift in Sources */,
				5C19920675DB8C2C9574E3F9 /* ThemeConversion.swift in Sources */,
				2DDE4FA56DC45B934F5C56B1 /* EditThemeSidebar.swift in Sources */,
				C5744C629E2498405A5CD7C9 /* SharedExtensions.swift in Sources */,
				A8311961A87C4433E15A3FBF /* SettingsViews.swift in Sources */,
				98E02FBE909CDE7A3B1EF8C5 /* LibraryViews.swift in Sources */,
				9E80F15ED68F2DC67BA2281E /* AboutViews.swift in Sources */,
				97C36AEF1F7E28243AD36525 /* AppManagers.swift in Sources */,
				8704707093E063FC4D016093 /* AppExtensions.swift in Sources */,
				BF23AAFBF178876FCA646CD1 /* ValidatedTextFields.swift in Sources */,
				31EEF90C933696E589A080DD /* MACCursorShadow.m in Sources */,
				99B7A8789A1EB7A9A418CCBC /* MACAutoSwitch.m in Sources */,
				D51177E3C48810FF822EE174 /* AutoSwitchRules.swift in Sources */,
				B32EB581CEB55EA339C3A722 /* CursorSettingsView.swift in Sources */,
				13F49A9D1D1791DB056D89DA /* MACFocusFollowsMouse.m in Sources */,
				A5805255E5DFB2ED3E139B21 /* FocusFollowsMouseConfig.swift in Sources */,
				6C32AF56032DB36F77F113C4 /* MACMenuBarState.m in Sources */,
				680ED71450987BAA95DCFA4E /* Availability.swift in Sources */,
			);
			runOnlyForDeploymentPostprocessing = 0;
		};
/* End PBXSourcesBuildPhase section */

/* Begin PBXVariantGroup section */
		EE11001100110011 /* Localizable.strings */ = {
			isa = PBXVariantGroup;
			children = (
				EE11002200110011 /* en */,
				EE11003300110011 /* nl */,
				EE11004400110011 /* zh-Hans */,
				EE11005500110011 /* fr */,
				EE11006600110011 /* de */,
				EE11007700110011 /* ru */,
				EE11008800110011 /* es */,
				EE11009900110011 /* tr */,
				EE1100AA00110011 /* ja */,
				EE1100BB00110011 /* ar */,
				EE1100CC00110011 /* pl */,
			);
			name = Localizable.strings;
			sourceTree = "<group>";
		};
/* End PBXVariantGroup section */

/* Begin XCBuildConfiguration section */
		1A443D7A999A6563C5621BAA /* Release */ = {
			isa = XCBuildConfiguration;
			buildSettings = {
				CLANG_ENABLE_MODULES = YES;
				CLANG_ENABLE_OBJC_ARC = YES;
				CLANG_ENABLE_OBJC_WEAK = YES;
				CLANG_WARN_UNREACHABLE_CODE = YES;
				CODE_SIGN_ENTITLEMENTS = CursorEngineHelper/CursorEngineHelper.entitlements;
				CODE_SIGN_IDENTITY = "Apple Development";
				CODE_SIGN_STYLE = Automatic;
				COMBINE_HIDPI_IMAGES = YES;
				COPY_PHASE_STRIP = YES;
				CURRENT_PROJECT_VERSION = 9;
				DEAD_CODE_STRIPPING = YES;
				DEVELOPMENT_TEAM = SP495GG2KZ;
				ENABLE_HARDENED_RUNTIME = YES;
				ENABLE_STRICT_OBJC_MSGSEND = YES;
				GCC_WARN_UNINITIALIZED_AUTOS = YES_AGGRESSIVE;
				GENERATE_INFOPLIST_FILE = YES;
				HEADER_SEARCH_PATHS = (
					"$(inherited)",
					/Applications/Xcode.app/Contents/Developer/Toolchains/XcodeDefault.xctoolchain/usr/include,
					"$(PROJECT_DIR)/CursorEngine",
					"$(PROJECT_DIR)/CursorEngine/CGSPrivateAPI",
				);
				INFOPLIST_FILE = CursorEngineHelper/Info.plist;
				LD_RUNPATH_SEARCH_PATHS = (
					"$(inherited)",
					"@executable_path/../Frameworks",
				);
				MARKETING_VERSION = 2.5.0;
				METAL_ENABLE_DEBUG_INFO = NO;
				PRODUCT_BUNDLE_IDENTIFIER = com.writronic.macursor.helper;
				PRODUCT_MODULE_NAME = MaCursorHelper;
				PRODUCT_NAME = MaCursorHelper;
				PROVISIONING_PROFILE_SPECIFIER = "";
				SKIP_INSTALL = YES;
				SWIFT_OBJC_BRIDGING_HEADER = "CursorEngineHelper/MaCursorHelper-Bridging-Header.h";
				SWIFT_OPTIMIZATION_LEVEL = "-O";
				SWIFT_VERSION = 6.0;
			};
			name = Release;
		};
		2B683268D17894AA634737F0 /* Debug */ = {
			isa = XCBuildConfiguration;
			buildSettings = {
				ASSETCATALOG_COMPILER_APPICON_NAME = AppIcon;
				CODE_SIGN_ENTITLEMENTS = MaCursor/MaCursor.entitlements;
				CODE_SIGN_IDENTITY = "Apple Development";
				CODE_SIGN_STYLE = Automatic;
				COMBINE_HIDPI_IMAGES = YES;
				CURRENT_PROJECT_VERSION = 9;
				DEAD_CODE_STRIPPING = YES;
				DEFINES_MODULE = YES;
				DEVELOPMENT_TEAM = SP495GG2KZ;
				ENABLE_HARDENED_RUNTIME = YES;
				GCC_PRECOMPILE_PREFIX_HEADER = YES;
				GCC_PREFIX_HEADER = "MaCursor/MaCursor-Prefix.pch";
				GENERATE_INFOPLIST_FILE = YES;
				INFOPLIST_FILE = "MaCursor/MaCursor-Info.plist";
				LD_RUNPATH_SEARCH_PATHS = (
					"$(LD_RUNPATH_SEARCH_PATHS_$(IS_MACCATALYST))",
					"@executable_path/../Frameworks",
				);
				MARKETING_VERSION = 2.5.0;
				PRODUCT_BUNDLE_IDENTIFIER = com.writronic.macursor;
				PRODUCT_NAME = "$(TARGET_NAME)";
				PROVISIONING_PROFILE_SPECIFIER = "";
				SWIFT_OBJC_BRIDGING_HEADER = "MaCursor/MaCursor-Bridging-Header.h";
				SWIFT_VERSION = 6.0;
				USER_HEADER_SEARCH_PATHS = (
					"$(PROJECT_DIR)/CursorEngine",
					"$(PROJECT_DIR)/CursorEngine/CGSPrivateAPI",
				);
				WRAPPER_EXTENSION = app;
			};
			name = Debug;
		};
		439955DEAE9E2B8796294631 /* Release */ = {
			isa = XCBuildConfiguration;
			buildSettings = {
				ASSETCATALOG_COMPILER_APPICON_NAME = AppIcon;
				CODE_SIGN_ENTITLEMENTS = MaCursor/MaCursor.entitlements;
				CODE_SIGN_IDENTITY = "Apple Development";
				CODE_SIGN_STYLE = Automatic;
				COMBINE_HIDPI_IMAGES = YES;
				CURRENT_PROJECT_VERSION = 9;
				DEAD_CODE_STRIPPING = YES;
				DEFINES_MODULE = YES;
				DEVELOPMENT_TEAM = SP495GG2KZ;
				ENABLE_HARDENED_RUNTIME = YES;
				GCC_PRECOMPILE_PREFIX_HEADER = YES;
				GCC_PREFIX_HEADER = "MaCursor/MaCursor-Prefix.pch";
				GENERATE_INFOPLIST_FILE = YES;
				INFOPLIST_FILE = "MaCursor/MaCursor-Info.plist";
				LD_RUNPATH_SEARCH_PATHS = (
					"$(LD_RUNPATH_SEARCH_PATHS_$(IS_MACCATALYST))",
					"@executable_path/../Frameworks",
				);
				MARKETING_VERSION = 2.5.0;
				PRODUCT_BUNDLE_IDENTIFIER = com.writronic.macursor;
				PRODUCT_NAME = "$(TARGET_NAME)";
				PROVISIONING_PROFILE_SPECIFIER = "";
				SWIFT_OBJC_BRIDGING_HEADER = "MaCursor/MaCursor-Bridging-Header.h";
				SWIFT_VERSION = 6.0;
				USER_HEADER_SEARCH_PATHS = (
					"$(PROJECT_DIR)/CursorEngine",
					"$(PROJECT_DIR)/CursorEngine/CGSPrivateAPI",
				);
				WRAPPER_EXTENSION = app;
			};
			name = Release;
		};
		48E59F9FBF117B290D25F2AD /* Debug */ = {
			isa = XCBuildConfiguration;
			buildSettings = {
				CLANG_ENABLE_MODULES = YES;
				CLANG_ENABLE_OBJC_ARC = YES;
				CLANG_ENABLE_OBJC_WEAK = YES;
				CLANG_WARN_UNREACHABLE_CODE = YES;
				CODE_SIGN_ENTITLEMENTS = CursorEngineHelper/CursorEngineHelper.entitlements;
				CODE_SIGN_IDENTITY = "Apple Development";
				CODE_SIGN_STYLE = Automatic;
				COMBINE_HIDPI_IMAGES = YES;
				CURRENT_PROJECT_VERSION = 9;
				DEAD_CODE_STRIPPING = YES;
				DEVELOPMENT_TEAM = SP495GG2KZ;
				ENABLE_HARDENED_RUNTIME = YES;
				ENABLE_STRICT_OBJC_MSGSEND = YES;
				GCC_PREPROCESSOR_DEFINITIONS = (
					"DEBUG=1",
					"$(inherited)",
				);
				GCC_WARN_UNINITIALIZED_AUTOS = YES_AGGRESSIVE;
				GENERATE_INFOPLIST_FILE = YES;
				HEADER_SEARCH_PATHS = (
					"$(inherited)",
					/Applications/Xcode.app/Contents/Developer/Toolchains/XcodeDefault.xctoolchain/usr/include,
					"$(PROJECT_DIR)/CursorEngine",
					"$(PROJECT_DIR)/CursorEngine/CGSPrivateAPI",
				);
				INFOPLIST_FILE = CursorEngineHelper/Info.plist;
				LD_RUNPATH_SEARCH_PATHS = (
					"$(inherited)",
					"@executable_path/../Frameworks",
				);
				MARKETING_VERSION = 2.5.0;
				METAL_ENABLE_DEBUG_INFO = YES;
				PRODUCT_BUNDLE_IDENTIFIER = com.writronic.macursor.helper;
				PRODUCT_MODULE_NAME = MaCursorHelper;
				PRODUCT_NAME = MaCursorHelper;
				PROVISIONING_PROFILE_SPECIFIER = "";
				SKIP_INSTALL = YES;
				SWIFT_OBJC_BRIDGING_HEADER = "CursorEngineHelper/MaCursorHelper-Bridging-Header.h";
				SWIFT_OPTIMIZATION_LEVEL = "-Onone";
				SWIFT_VERSION = 6.0;
			};
			name = Debug;
		};
		551D228339C894DBF526D20A /* Debug */ = {
			isa = XCBuildConfiguration;
			buildSettings = {
				ALWAYS_SEARCH_USER_PATHS = NO;
				CLANG_ANALYZER_LOCALIZABILITY_EMPTY_CONTEXT = YES;
				CLANG_ANALYZER_LOCALIZABILITY_NONLOCALIZED = YES;
				CLANG_CXX_LANGUAGE_STANDARD = "gnu++0x";
				CLANG_CXX_LIBRARY = "libc++";
				CLANG_ENABLE_OBJC_ARC = YES;
				CLANG_WARN_BLOCK_CAPTURE_AUTORELEASING = YES;
				CLANG_WARN_BOOL_CONVERSION = YES;
				CLANG_WARN_COMMA = YES;
				CLANG_WARN_CONSTANT_CONVERSION = YES;
				CLANG_WARN_DEPRECATED_OBJC_IMPLEMENTATIONS = YES;
				CLANG_WARN_DIRECT_OBJC_ISA_USAGE = YES_ERROR;
				CLANG_WARN_EMPTY_BODY = YES;
				CLANG_WARN_ENUM_CONVERSION = YES;
				CLANG_WARN_INFINITE_RECURSION = YES;
				CLANG_WARN_INT_CONVERSION = YES;
				CLANG_WARN_NON_LITERAL_NULL_CONVERSION = YES;
				CLANG_WARN_OBJC_IMPLICIT_RETAIN_SELF = YES;
				CLANG_WARN_OBJC_LITERAL_CONVERSION = YES;
				CLANG_WARN_OBJC_ROOT_CLASS = YES_ERROR;
				CLANG_WARN_QUOTED_INCLUDE_IN_FRAMEWORK_HEADER = YES;
				CLANG_WARN_RANGE_LOOP_ANALYSIS = YES;
				CLANG_WARN_STRICT_PROTOTYPES = YES;
				CLANG_WARN_SUSPICIOUS_MOVE = YES;
				CLANG_WARN_UNREACHABLE_CODE = YES;
				CLANG_WARN__DUPLICATE_METHOD_MATCH = YES;
				CODE_SIGN_IDENTITY = "Apple Development";
				COPY_PHASE_STRIP = NO;
				DEAD_CODE_STRIPPING = YES;
				ENABLE_STRICT_OBJC_MSGSEND = YES;
				ENABLE_TESTABILITY = YES;
				GCC_C_LANGUAGE_STANDARD = gnu99;
				GCC_DYNAMIC_NO_PIC = NO;
				GCC_ENABLE_OBJC_EXCEPTIONS = YES;
				GCC_NO_COMMON_BLOCKS = YES;
				GCC_OPTIMIZATION_LEVEL = 0;
				GCC_PREPROCESSOR_DEFINITIONS = (
					"DEBUG=1",
					"$(inherited)",
				);
				GCC_SYMBOLS_PRIVATE_EXTERN = NO;
				GCC_WARN_64_TO_32_BIT_CONVERSION = YES;
				GCC_WARN_ABOUT_RETURN_TYPE = YES_ERROR;
				GCC_WARN_UNDECLARED_SELECTOR = YES;
				GCC_WARN_UNINITIALIZED_AUTOS = YES;
				GCC_WARN_UNUSED_FUNCTION = YES;
				GCC_WARN_UNUSED_VARIABLE = YES;
				MACOSX_DEPLOYMENT_TARGET = 13.0;
				ONLY_ACTIVE_ARCH = YES;
				SDKROOT = macosx;
				SWIFT_EMIT_LOC_STRINGS = YES;
			};
			name = Debug;
		};
		E74702D380A76ACDEA0D2990 /* Release */ = {
			isa = XCBuildConfiguration;
			buildSettings = {
				ALWAYS_SEARCH_USER_PATHS = NO;
				CLANG_ANALYZER_LOCALIZABILITY_EMPTY_CONTEXT = YES;
				CLANG_ANALYZER_LOCALIZABILITY_NONLOCALIZED = YES;
				CLANG_CXX_LANGUAGE_STANDARD = "gnu++0x";
				CLANG_CXX_LIBRARY = "libc++";
				CLANG_ENABLE_OBJC_ARC = YES;
				CLANG_WARN_BLOCK_CAPTURE_AUTORELEASING = YES;
				CLANG_WARN_BOOL_CONVERSION = YES;
				CLANG_WARN_COMMA = YES;
				CLANG_WARN_CONSTANT_CONVERSION = YES;
				CLANG_WARN_DEPRECATED_OBJC_IMPLEMENTATIONS = YES;
				CLANG_WARN_DIRECT_OBJC_ISA_USAGE = YES_ERROR;
				CLANG_WARN_EMPTY_BODY = YES;
				CLANG_WARN_ENUM_CONVERSION = YES;
				CLANG_WARN_INFINITE_RECURSION = YES;
				CLANG_WARN_INT_CONVERSION = YES;
				CLANG_WARN_NON_LITERAL_NULL_CONVERSION = YES;
				CLANG_WARN_OBJC_IMPLICIT_RETAIN_SELF = YES;
				CLANG_WARN_OBJC_LITERAL_CONVERSION = YES;
				CLANG_WARN_OBJC_ROOT_CLASS = YES_ERROR;
				CLANG_WARN_QUOTED_INCLUDE_IN_FRAMEWORK_HEADER = YES;
				CLANG_WARN_RANGE_LOOP_ANALYSIS = YES;
				CLANG_WARN_STRICT_PROTOTYPES = YES;
				CLANG_WARN_SUSPICIOUS_MOVE = YES;
				CLANG_WARN_UNREACHABLE_CODE = YES;
				CLANG_WARN__DUPLICATE_METHOD_MATCH = YES;
				CODE_SIGN_IDENTITY = "Apple Development";
				COPY_PHASE_STRIP = NO;
				DEAD_CODE_STRIPPING = YES;
				DEBUG_INFORMATION_FORMAT = "dwarf-with-dsym";
				ENABLE_NS_ASSERTIONS = NO;
				ENABLE_STRICT_OBJC_MSGSEND = YES;
				GCC_C_LANGUAGE_STANDARD = gnu99;
				GCC_ENABLE_OBJC_EXCEPTIONS = YES;
				GCC_NO_COMMON_BLOCKS = YES;
				GCC_WARN_64_TO_32_BIT_CONVERSION = YES;
				GCC_WARN_ABOUT_RETURN_TYPE = YES_ERROR;
				GCC_WARN_UNDECLARED_SELECTOR = YES;
				GCC_WARN_UNINITIALIZED_AUTOS = YES;
				GCC_WARN_UNUSED_FUNCTION = YES;
				GCC_WARN_UNUSED_VARIABLE = YES;
				MACOSX_DEPLOYMENT_TARGET = 13.0;
				SDKROOT = macosx;
				SWIFT_EMIT_LOC_STRINGS = YES;
			};
			name = Release;
		};
/* End XCBuildConfiguration section */

/* Begin XCConfigurationList section */
		76B1F4BE951909A219D886C9 /* Build configuration list for PBXProject "MaCursor" */ = {
			isa = XCConfigurationList;
			buildConfigurations = (
				551D228339C894DBF526D20A /* Debug */,
				E74702D380A76ACDEA0D2990 /* Release */,
			);
			defaultConfigurationIsVisible = 0;
			defaultConfigurationName = Release;
		};
		7F34E0EA57659AF9F83EC6AB /* Build configuration list for PBXNativeTarget "com.writronic.macursorhelper" */ = {
			isa = XCConfigurationList;
			buildConfigurations = (
				48E59F9FBF117B290D25F2AD /* Debug */,
				1A443D7A999A6563C5621BAA /* Release */,
			);
			defaultConfigurationIsVisible = 0;
			defaultConfigurationName = Release;
		};
		DCEC884F5D51E2FD0494B7B0 /* Build configuration list for PBXNativeTarget "MaCursor" */ = {
			isa = XCConfigurationList;
			buildConfigurations = (
				2B683268D17894AA634737F0 /* Debug */,
				439955DEAE9E2B8796294631 /* Release */,
			);
			defaultConfigurationIsVisible = 0;
			defaultConfigurationName = Release;
		};
/* End XCConfigurationList section */

/* Begin XCRemoteSwiftPackageReference section */
		26D8BD7F8A3A4CCEB28AC77D /* XCRemoteSwiftPackageReference "Sparkle" */ = {
			isa = XCRemoteSwiftPackageReference;
			repositoryURL = "https://github.com/sparkle-project/Sparkle";
			requirement = {
				kind = upToNextMajorVersion;
				minimumVersion = 2.0.0;
			};
		};
/* End XCRemoteSwiftPackageReference section */

/* Begin XCSwiftPackageProductDependency section */
		0C4AD5A867375C3B578C81DC /* Sparkle */ = {
			isa = XCSwiftPackageProductDependency;
			package = 26D8BD7F8A3A4CCEB28AC77D /* XCRemoteSwiftPackageReference "Sparkle" */;
			productName = Sparkle;
		};
/* End XCSwiftPackageProductDependency section */
	};
	rootObject = 904BBD1AD4BFB4742F0527EE /* Project object */;
}
